
Microsoft Visual Studio Solution File, Format Version 12.00
# Visual Studio 14
VisualStudioVersion = 14.0.25123.0
MinimumVisualStudioVersion = 10.0.40219.1
Project("{FAE04EC0-301F-11D3-BF4B-00C04F79EFBC}") = "WeText.Common", "WeText.Common\WeText.Common.csproj", "{97C426D5-34AA-43C8-ADF9-1206D90A2DCB}"
EndProject
Project("{FAE04EC0-301F-11D3-BF4B-00C04F79EFBC}") = "WeText.Domain", "WeText.Domain\WeText.Domain.csproj", "{8882C079-11DD-4E25-8132-28D024D3B4E7}"
EndProject
Project("{FAE04EC0-301F-11D3-BF4B-00C04F79EFBC}") = "WeText.DomainRepositories", "WeText.DomainRepositories\WeText.DomainRepositories.csproj", "{F83E2F77-7E82-4A22-9505-F80B79D3563B}"
EndProject
Project("{2150E333-8FDC-42A3-9474-1A3956D46DE8}") = "Services", "Services", "{F7E6FDA2-4F6A-4A0E-B28F-F40D1675CE19}"
EndProject
Project("{FAE04EC0-301F-11D3-BF4B-00C04F79EFBC}") = "WeText.Tests", "..\tests\WeText.Tests\WeText.Tests.csproj", "{61884B43-E8B2-4715-9A33-B386D2BA7953}"
EndProject
Project("{FAE04EC0-301F-11D3-BF4B-00C04F79EFBC}") = "WeText.Services.Accounts", "Services\WeText.Services.Accounts\WeText.Services.Accounts.csproj", "{71B2FD92-0D5C-46C9-B939-2C5A5DFF931E}"
EndProject
Project("{FAE04EC0-301F-11D3-BF4B-00C04F79EFBC}") = "WeText.Messaging.RabbitMq", "WeText.Messaging.RabbitMq\WeText.Messaging.RabbitMq.csproj", "{BC971D5A-CA3E-42ED-9859-252B1D80249D}"
EndProject
Project("{FAE04EC0-301F-11D3-BF4B-00C04F79EFBC}") = "WeText.Service", "WeText.Service\WeText.Service.csproj", "{336EA554-A51C-4BBF-9EDD-223EF1446E8A}"
	ProjectSection(ProjectDependencies) = postProject
		{71B2FD92-0D5C-46C9-B939-2C5A5DFF931E} = {71B2FD92-0D5C-46C9-B939-2C5A5DFF931E}
		{1E2E77C7-1DBB-4A77-BBB3-A09F7A67326A} = {1E2E77C7-1DBB-4A77-BBB3-A09F7A67326A}
		{177A79D6-70DC-435B-AE7A-B94402969A8B} = {177A79D6-70DC-435B-AE7A-B94402969A8B}
	EndProjectSection
EndProject
Project("{FAE04EC0-301F-11D3-BF4B-00C04F79EFBC}") = "WeText.Services.Texting", "Services\WeText.Services.Texting\WeText.Services.Texting.csproj", "{177A79D6-70DC-435B-AE7A-B94402969A8B}"
EndProject
Project("{FAE04EC0-301F-11D3-BF4B-00C04F79EFBC}") = "WeText.Querying.MySqlClient", "WeText.Querying.MySqlClient\WeText.Querying.MySqlClient.csproj", "{56C1435B-E2CE-4CC3-AD7C-618993A69738}"
EndProject
Project("{FAE04EC0-301F-11D3-BF4B-00C04F79EFBC}") = "WeText.Web", "WeText.Web\WeText.Web.csproj", "{B7245E30-AC54-47D1-BFC8-16AF1089B0E5}"
EndProject
Project("{FAE04EC0-301F-11D3-BF4B-00C04F79EFBC}") = "WeText.Services.Social", "Services\WeText.Services.Social\WeText.Services.Social.csproj", "{1E2E77C7-1DBB-4A77-BBB3-A09F7A67326A}"
EndProject
Project("{FAE04EC0-301F-11D3-BF4B-00C04F79EFBC}") = "WeText.Services.Common", "Services\WeText.Services.Common\WeText.Services.Common.csproj", "{D813A23A-15C4-409C-BB17-27FBFB009358}"
EndProject
Project("{FAE04EC0-301F-11D3-BF4B-00C04F79EFBC}") = "WeText.Querying.PostgreSQL", "WeText.Querying.PostgreSQL\WeText.Querying.PostgreSQL.csproj", "{F3EE2537-93F5-4B9A-8BD0-F328320A1500}"
EndProject
Global
	GlobalSection(SolutionConfigurationPlatforms) = preSolution
		Debug|Any CPU = Debug|Any CPU
		Release|Any CPU = Release|Any CPU
		ServerDebug|Any CPU = ServerDebug|Any CPU
		ServerRelease|Any CPU = ServerRelease|Any CPU
	EndGlobalSection
	GlobalSection(ProjectConfigurationPlatforms) = postSolution
		{97C426D5-34AA-43C8-ADF9-1206D90A2DCB}.Debug|Any CPU.ActiveCfg = Debug|Any CPU
		{97C426D5-34AA-43C8-ADF9-1206D90A2DCB}.Debug|Any CPU.Build.0 = Debug|Any CPU
		{97C426D5-34AA-43C8-ADF9-1206D90A2DCB}.Release|Any CPU.ActiveCfg = Release|Any CPU
		{97C426D5-34AA-43C8-ADF9-1206D90A2DCB}.Release|Any CPU.Build.0 = Release|Any CPU
		{97C426D5-34AA-43C8-ADF9-1206D90A2DCB}.ServerDebug|Any CPU.ActiveCfg = ServerDebug|Any CPU
		{97C426D5-34AA-43C8-ADF9-1206D90A2DCB}.ServerDebug|Any CPU.Build.0 = ServerDebug|Any CPU
		{97C426D5-34AA-43C8-ADF9-1206D90A2DCB}.ServerRelease|Any CPU.ActiveCfg = ServerRelease|Any CPU
		{97C426D5-34AA-43C8-ADF9-1206D90A2DCB}.ServerRelease|Any CPU.Build.0 = ServerRelease|Any CPU
		{8882C079-11DD-4E25-8132-28D024D3B4E7}.Debug|Any CPU.ActiveCfg = Debug|Any CPU
		{8882C079-11DD-4E25-8132-28D024D3B4E7}.Debug|Any CPU.Build.0 = Debug|Any CPU
		{8882C079-11DD-4E25-8132-28D024D3B4E7}.Release|Any CPU.ActiveCfg = Release|Any CPU
		{8882C079-11DD-4E25-8132-28D024D3B4E7}.Release|Any CPU.Build.0 = Release|Any CPU
		{8882C079-11DD-4E25-8132-28D024D3B4E7}.ServerDebug|Any CPU.ActiveCfg = ServerDebug|Any CPU
		{8882C079-11DD-4E25-8132-28D024D3B4E7}.ServerDebug|Any CPU.Build.0 = ServerDebug|Any CPU
		{8882C079-11DD-4E25-8132-28D024D3B4E7}.ServerRelease|Any CPU.ActiveCfg = ServerRelease|Any CPU
		{8882C079-11DD-4E25-8132-28D024D3B4E7}.ServerRelease|Any CPU.Build.0 = ServerRelease|Any CPU
		{F83E2F77-7E82-4A22-9505-F80B79D3563B}.Debug|Any CPU.ActiveCfg = Debug|Any CPU
		{F83E2F77-7E82-4A22-9505-F80B79D3563B}.Debug|Any CPU.Build.0 = Debug|Any CPU
		{F83E2F77-7E82-4A22-9505-F80B79D3563B}.Release|Any CPU.ActiveCfg = Release|Any CPU
		{F83E2F77-7E82-4A22-9505-F80B79D3563B}.Release|Any CPU.Build.0 = Release|Any CPU
		{F83E2F77-7E82-4A22-9505-F80B79D3563B}.ServerDebug|Any CPU.ActiveCfg = ServerDebug|Any CPU
		{F83E2F77-7E82-4A22-9505-F80B79D3563B}.ServerDebug|Any CPU.Build.0 = ServerDebug|Any CPU
		{F83E2F77-7E82-4A22-9505-F80B79D3563B}.ServerRelease|Any CPU.ActiveCfg = ServerRelease|Any CPU
		{F83E2F77-7E82-4A22-9505-F80B79D3563B}.ServerRelease|Any CPU.Build.0 = ServerRelease|Any CPU
		{61884B43-E8B2-4715-9A33-B386D2BA7953}.Debug|Any CPU.ActiveCfg = Debug|Any CPU
		{61884B43-E8B2-4715-9A33-B386D2BA7953}.Debug|Any CPU.Build.0 = Debug|Any CPU
		{61884B43-E8B2-4715-9A33-B386D2BA7953}.Release|Any CPU.ActiveCfg = Release|Any CPU
		{61884B43-E8B2-4715-9A33-B386D2BA7953}.Release|Any CPU.Build.0 = Release|Any CPU
		{61884B43-E8B2-4715-9A33-B386D2BA7953}.ServerDebug|Any CPU.ActiveCfg = ServerDebug|Any CPU
		{61884B43-E8B2-4715-9A33-B386D2BA7953}.ServerRelease|Any CPU.ActiveCfg = ServerRelease|Any CPU
		{71B2FD92-0D5C-46C9-B939-2C5A5DFF931E}.Debug|Any CPU.ActiveCfg = Debug|Any CPU
		{71B2FD92-0D5C-46C9-B939-2C5A5DFF931E}.Debug|Any CPU.Build.0 = Debug|Any CPU
		{71B2FD92-0D5C-46C9-B939-2C5A5DFF931E}.Release|Any CPU.ActiveCfg = Release|Any CPU
		{71B2FD92-0D5C-46C9-B939-2C5A5DFF931E}.Release|Any CPU.Build.0 = Release|Any CPU
		{71B2FD92-0D5C-46C9-B939-2C5A5DFF931E}.ServerDebug|Any CPU.ActiveCfg = ServerDebug|Any CPU
		{71B2FD92-0D5C-46C9-B939-2C5A5DFF931E}.ServerDebug|Any CPU.Build.0 = ServerDebug|Any CPU
		{71B2FD92-0D5C-46C9-B939-2C5A5DFF931E}.ServerRelease|Any CPU.ActiveCfg = ServerRelease|Any CPU
		{71B2FD92-0D5C-46C9-B939-2C5A5DFF931E}.ServerRelease|Any CPU.Build.0 = ServerRelease|Any CPU
		{BC971D5A-CA3E-42ED-9859-252B1D80249D}.Debug|Any CPU.ActiveCfg = Debug|Any CPU
		{BC971D5A-CA3E-42ED-9859-252B1D80249D}.Debug|Any CPU.Build.0 = Debug|Any CPU
		{BC971D5A-CA3E-42ED-9859-252B1D80249D}.Release|Any CPU.ActiveCfg = Release|Any CPU
		{BC971D5A-CA3E-42ED-9859-252B1D80249D}.Release|Any CPU.Build.0 = Release|Any CPU
		{BC971D5A-CA3E-42ED-9859-252B1D80249D}.ServerDebug|Any CPU.ActiveCfg = ServerDebug|Any CPU
		{BC971D5A-CA3E-42ED-9859-252B1D80249D}.ServerDebug|Any CPU.Build.0 = ServerDebug|Any CPU
		{BC971D5A-CA3E-42ED-9859-252B1D80249D}.ServerRelease|Any CPU.ActiveCfg = ServerRelease|Any CPU
		{BC971D5A-CA3E-42ED-9859-252B1D80249D}.ServerRelease|Any CPU.Build.0 = ServerRelease|Any CPU
		{336EA554-A51C-4BBF-9EDD-223EF1446E8A}.Debug|Any CPU.ActiveCfg = Debug|Any CPU
		{336EA554-A51C-4BBF-9EDD-223EF1446E8A}.Debug|Any CPU.Build.0 = Debug|Any CPU
		{336EA554-A51C-4BBF-9EDD-223EF1446E8A}.Release|Any CPU.ActiveCfg = Release|Any CPU
		{336EA554-A51C-4BBF-9EDD-223EF1446E8A}.Release|Any CPU.Build.0 = Release|Any CPU
		{336EA554-A51C-4BBF-9EDD-223EF1446E8A}.ServerDebug|Any CPU.ActiveCfg = ServerDebug|Any CPU
		{336EA554-A51C-4BBF-9EDD-223EF1446E8A}.ServerDebug|Any CPU.Build.0 = ServerDebug|Any CPU
		{336EA554-A51C-4BBF-9EDD-223EF1446E8A}.ServerRelease|Any CPU.ActiveCfg = ServerRelease|Any CPU
		{336EA554-A51C-4BBF-9EDD-223EF1446E8A}.ServerRelease|Any CPU.Build.0 = ServerRelease|Any CPU
		{177A79D6-70DC-435B-AE7A-B94402969A8B}.Debug|Any CPU.ActiveCfg = Debug|Any CPU
		{177A79D6-70DC-435B-AE7A-B94402969A8B}.Debug|Any CPU.Build.0 = Debug|Any CPU
		{177A79D6-70DC-435B-AE7A-B94402969A8B}.Release|Any CPU.ActiveCfg = Release|Any CPU
		{177A79D6-70DC-435B-AE7A-B94402969A8B}.Release|Any CPU.Build.0 = Release|Any CPU
		{177A79D6-70DC-435B-AE7A-B94402969A8B}.ServerDebug|Any CPU.ActiveCfg = ServerDebug|Any CPU
		{177A79D6-70DC-435B-AE7A-B94402969A8B}.ServerDebug|Any CPU.Build.0 = ServerDebug|Any CPU
		{177A79D6-70DC-435B-AE7A-B94402969A8B}.ServerRelease|Any CPU.ActiveCfg = ServerRelease|Any CPU
		{177A79D6-70DC-435B-AE7A-B94402969A8B}.ServerRelease|Any CPU.Build.0 = ServerRelease|Any CPU
		{56C1435B-E2CE-4CC3-AD7C-618993A69738}.Debug|Any CPU.ActiveCfg = Debug|Any CPU
		{56C1435B-E2CE-4CC3-AD7C-618993A69738}.Debug|Any CPU.Build.0 = Debug|Any CPU
		{56C1435B-E2CE-4CC3-AD7C-618993A69738}.Release|Any CPU.ActiveCfg = Release|Any CPU
		{56C1435B-E2CE-4CC3-AD7C-618993A69738}.Release|Any CPU.Build.0 = Release|Any CPU
		{56C1435B-E2CE-4CC3-AD7C-618993A69738}.ServerDebug|Any CPU.ActiveCfg = ServerDebug|Any CPU
		{56C1435B-E2CE-4CC3-AD7C-618993A69738}.ServerDebug|Any CPU.Build.0 = ServerDebug|Any CPU
		{56C1435B-E2CE-4CC3-AD7C-618993A69738}.ServerRelease|Any CPU.ActiveCfg = ServerRelease|Any CPU
		{56C1435B-E2CE-4CC3-AD7C-618993A69738}.ServerRelease|Any CPU.Build.0 = ServerRelease|Any CPU
		{B7245E30-AC54-47D1-BFC8-16AF1089B0E5}.Debug|Any CPU.ActiveCfg = Debug|Any CPU
		{B7245E30-AC54-47D1-BFC8-16AF1089B0E5}.Debug|Any CPU.Build.0 = Debug|Any CPU
		{B7245E30-AC54-47D1-BFC8-16AF1089B0E5}.Release|Any CPU.ActiveCfg = Release|Any CPU
		{B7245E30-AC54-47D1-BFC8-16AF1089B0E5}.Release|Any CPU.Build.0 = Release|Any CPU
		{B7245E30-AC54-47D1-BFC8-16AF1089B0E5}.ServerDebug|Any CPU.ActiveCfg = ServerDebug|Any CPU
		{B7245E30-AC54-47D1-BFC8-16AF1089B0E5}.ServerRelease|Any CPU.ActiveCfg = ServerRelease|Any CPU
		{1E2E77C7-1DBB-4A77-BBB3-A09F7A67326A}.Debug|Any CPU.ActiveCfg = Debug|Any CPU
		{1E2E77C7-1DBB-4A77-BBB3-A09F7A67326A}.Debug|Any CPU.Build.0 = Debug|Any CPU
		{1E2E77C7-1DBB-4A77-BBB3-A09F7A67326A}.Release|Any CPU.ActiveCfg = Release|Any CPU
		{1E2E77C7-1DBB-4A77-BBB3-A09F7A67326A}.Release|Any CPU.Build.0 = Release|Any CPU
		{1E2E77C7-1DBB-4A77-BBB3-A09F7A67326A}.ServerDebug|Any CPU.ActiveCfg = Debug|Any CPU
		{1E2E77C7-1DBB-4A77-BBB3-A09F7A67326A}.ServerDebug|Any CPU.Build.0 = Debug|Any CPU
		{1E2E77C7-1DBB-4A77-BBB3-A09F7A67326A}.ServerRelease|Any CPU.ActiveCfg = Release|Any CPU
		{1E2E77C7-1DBB-4A77-BBB3-A09F7A67326A}.ServerRelease|Any CPU.Build.0 = Release|Any CPU
		{D813A23A-15C4-409C-BB17-27FBFB009358}.Debug|Any CPU.ActiveCfg = Debug|Any CPU
		{D813A23A-15C4-409C-BB17-27FBFB009358}.Debug|Any CPU.Build.0 = Debug|Any CPU
		{D813A23A-15C4-409C-BB17-27FBFB009358}.Release|Any CPU.ActiveCfg = Release|Any CPU
		{D813A23A-15C4-409C-BB17-27FBFB009358}.Release|Any CPU.Build.0 = Release|Any CPU
		{D813A23A-15C4-409C-BB17-27FBFB009358}.ServerDebug|Any CPU.ActiveCfg = Debug|Any CPU
		{D813A23A-15C4-409C-BB17-27FBFB009358}.ServerDebug|Any CPU.Build.0 = Debug|Any CPU
		{D813A23A-15C4-409C-BB17-27FBFB009358}.ServerRelease|Any CPU.ActiveCfg = Release|Any CPU
		{D813A23A-15C4-409C-BB17-27FBFB009358}.ServerRelease|Any CPU.Build.0 = Release|Any CPU
		{F3EE2537-93F5-4B9A-8BD0-F328320A1500}.Debug|Any CPU.ActiveCfg = Debug|Any CPU
		{F3EE2537-93F5-4B9A-8BD0-F328320A1500}.Debug|Any CPU.Build.0 = Debug|Any CPU
		{F3EE2537-93F5-4B9A-8BD0-F328320A1500}.Release|Any CPU.ActiveCfg = Release|Any CPU
		{F3EE2537-93F5-4B9A-8BD0-F328320A1500}.Release|Any CPU.Build.0 = Release|Any CPU
		{F3EE2537-93F5-4B9A-8BD0-F328320A1500}.ServerDebug|Any CPU.ActiveCfg = Debug|Any CPU
		{F3EE2537-93F5-4B9A-8BD0-F328320A1500}.ServerDebug|Any CPU.Build.0 = Debug|Any CPU
		{F3EE2537-93F5-4B9A-8BD0-F328320A1500}.ServerRelease|Any CPU.ActiveCfg = Release|Any CPU
		{F3EE2537-93F5-4B9A-8BD0-F328320A1500}.ServerRelease|Any CPU.Build.0 = Release|Any CPU
	EndGlobalSection
	GlobalSection(SolutionProperties) = preSolution
		HideSolutionNode = FALSE
	EndGlobalSection
	GlobalSection(NestedProjects) = preSolution
		{71B2FD92-0D5C-46C9-B939-2C5A5DFF931E} = {F7E6FDA2-4F6A-4A0E-B28F-F40D1675CE19}
		{177A79D6-70DC-435B-AE7A-B94402969A8B} = {F7E6FDA2-4F6A-4A0E-B28F-F40D1675CE19}
		{1E2E77C7-1DBB-4A77-BBB3-A09F7A67326A} = {F7E6FDA2-4F6A-4A0E-B28F-F40D1675CE19}
		{D813A23A-15C4-409C-BB17-27FBFB009358} = {F7E6FDA2-4F6A-4A0E-B28F-F40D1675CE19}
	EndGlobalSection
EndGlobal
